
Microsoft Visual Studio Solution File, Format Version 12.00
# Visual Studio 15
VisualStudioVersion = 15.0.26730.16
MinimumVisualStudioVersion = 10.0.40219.1
Project("{4DF76451-A46A-4C0B-BE03-459FAAFA07E6}") = "_", "_\_.mproj", "{9E98BEAF-FCE2-46E9-B043-98BEBCE51851}"
EndProject
Global
	GlobalSection(SolutionConfigurationPlatforms) = preSolution
		Debug|x86 = Debug|x86
		Release|x86 = Release|x86
	EndGlobalSection
	GlobalSection(ProjectConfigurationPlatforms) = postSolution
		{9E98BEAF-FCE2-46E9-B043-98BEBCE51851}.Debug|x86.ActiveCfg = Debug|x86
		{9E98BEAF-FCE2-46E9-B043-98BEBCE51851}.Debug|x86.Build.0 = Debug|x86
		{9E98BEAF-FCE2-46E9-B043-98BEBCE51851}.Release|x86.ActiveCfg = Release|x86
		{9E98BEAF-FCE2-46E9-B043-98BEBCE51851}.Release|x86.Build.0 = Release|x86
	EndGlobalSection
	GlobalSection(SolutionProperties) = preSolution
		HideSolutionNode = FALSE
	EndGlobalSection
	GlobalSection(ExtensibilityGlobals) = postSolution
		SolutionGuid = {96555B05-6087-494E-A1AD-6B0FB67C2373}
	EndGlobalSection
EndGlobal
